// !$*UTF8*$!
{
	archiveVersion = 1;
	classes = {
	};
	objectVersion = 51;
	objects = {

/* Begin PBXBuildFile section */
		8A14FB2C23A867BB00E4DB3A /* Student.swift in Sources */ = {isa = PBXBuildFile; fileRef = 8A14FB2B23A867BB00E4DB3A /* Student.swift */; };
		8A7FF65D23BDD8F000399CAF /* ImagePickViewController.swift in Sources */ = {isa = PBXBuildFile; fileRef = 8A7FF65C23BDD8F000399CAF /* ImagePickViewController.swift */; };
		8A7FF65F23BDE96100399CAF /* UIImagePickerController+RxCreate.swift in Sources */ = {isa = PBXBuildFile; fileRef = 8A7FF65E23BDE96100399CAF /* UIImagePickerController+RxCreate.swift */; };
		8A87F3F623A0E765005CDC14 /* AppDelegate.swift in Sources */ = {isa = PBXBuildFile; fileRef = 8A87F3F523A0E765005CDC14 /* AppDelegate.swift */; };
		8A87F3F823A0E765005CDC14 /* SceneDelegate.swift in Sources */ = {isa = PBXBuildFile; fileRef = 8A87F3F723A0E765005CDC14 /* SceneDelegate.swift */; };
		8A87F3FA23A0E765005CDC14 /* ViewController.swift in Sources */ = {isa = PBXBuildFile; fileRef = 8A87F3F923A0E765005CDC14 /* ViewController.swift */; };
		8A87F3FD23A0E765005CDC14 /* Main.storyboard in Resources */ = {isa = PBXBuildFile; fileRef = 8A87F3FB23A0E765005CDC14 /* Main.storyboard */; };
		8A87F3FF23A0E766005CDC14 /* Assets.xcassets in Resources */ = {isa = PBXBuildFile; fileRef = 8A87F3FE23A0E766005CDC14 /* Assets.xcassets */; };
		8A87F40223A0E766005CDC14 /* LaunchScreen.storyboard in Resources */ = {isa = PBXBuildFile; fileRef = 8A87F40023A0E766005CDC14 /* LaunchScreen.storyboard */; };
		8A87F40D23A0E766005CDC14 /* RxSwiftTestTests.swift in Sources */ = {isa = PBXBuildFile; fileRef = 8A87F40C23A0E766005CDC14 /* RxSwiftTestTests.swift */; };
		8A87F41823A0E767005CDC14 /* RxSwiftTestUITests.swift in Sources */ = {isa = PBXBuildFile; fileRef = 8A87F41723A0E767005CDC14 /* RxSwiftTestUITests.swift */; };
		8A88CB2223C84EF900EC921B /* DataModel.swift in Sources */ = {isa = PBXBuildFile; fileRef = 8A88CB2123C84EF900EC921B /* DataModel.swift */; };
		BF051F6C2092A2519BB70210 /* Pods_RxSwiftTest.framework in Frameworks */ = {isa = PBXBuildFile; fileRef = 5591A25844DA6194331949B9 /* Pods_RxSwiftTest.framework */; };
		D8A02C7710888AAEB6640F3A /* Pods_RxSwiftTestTests.framework in Frameworks */ = {isa = PBXBuildFile; fileRef = 455F7F3265B78A0B574C60B6 /* Pods_RxSwiftTestTests.framework */; };
/* End PBXBuildFile section */

/* Begin PBXContainerItemProxy section */
		8A87F40923A0E766005CDC14 /* PBXContainerItemProxy */ = {
			isa = PBXContainerItemProxy;
			containerPortal = 8A87F3EA23A0E765005CDC14 /* Project object */;
			proxyType = 1;
			remoteGlobalIDString = 8A87F3F123A0E765005CDC14;
			remoteInfo = RxSwiftTest;
		};
		8A87F41423A0E767005CDC14 /* PBXContainerItemProxy */ = {
			isa = PBXContainerItemProxy;
			containerPortal = 8A87F3EA23A0E765005CDC14 /* Project object */;
			proxyType = 1;
			remoteGlobalIDString = 8A87F3F123A0E765005CDC14;
			remoteInfo = RxSwiftTest;
		};
/* End PBXContainerItemProxy section */

/* Begin PBXFileReference section */
		1E32FA616C9657098899358D /* Pods-RxSwiftTestTests.release.xcconfig */ = {isa = PBXFileReference; includeInIndex = 1; lastKnownFileType = text.xcconfig; name = "Pods-RxSwiftTestTests.release.xcconfig"; path = "Target Support Files/Pods-RxSwiftTestTests/Pods-RxSwiftTestTests.release.xcconfig"; sourceTree = "<group>"; };
		455F7F3265B78A0B574C60B6 /* Pods_RxSwiftTestTests.framework */ = {isa = PBXFileReference; explicitFileType = wrapper.framework; includeInIndex = 0; path = Pods_RxSwiftTestTests.framework; sourceTree = BUILT_PRODUCTS_DIR; };
		5591A25844DA6194331949B9 /* Pods_RxSwiftTest.framework */ = {isa = PBXFileReference; explicitFileType = wrapper.framework; includeInIndex = 0; path = Pods_RxSwiftTest.framework; sourceTree = BUILT_PRODUCTS_DIR; };
		61205C3ED3FF14C5A5846B72 /* Pods-RxSwiftTest.release.xcconfig */ = {isa = PBXFileReference; includeInIndex = 1; lastKnownFileType = text.xcconfig; name = "Pods-RxSwiftTest.release.xcconfig"; path = "Target Support Files/Pods-RxSwiftTest/Pods-RxSwiftTest.release.xcconfig"; sourceTree = "<group>"; };
		7CC096A006F1268666152306 /* Pods-RxSwiftTest.debug.xcconfig */ = {isa = PBXFileReference; includeInIndex = 1; lastKnownFileType = text.xcconfig; name = "Pods-RxSwiftTest.debug.xcconfig"; path = "Target Support Files/Pods-RxSwiftTest/Pods-RxSwiftTest.debug.xcconfig"; sourceTree = "<group>"; };
		8A14FB2B23A867BB00E4DB3A /* Student.swift */ = {isa = PBXFileReference; lastKnownFileType = sourcecode.swift; path = Student.swift; sourceTree = "<group>"; };
		8A7FF65C23BDD8F000399CAF /* ImagePickViewController.swift */ = {isa = PBXFileReference; lastKnownFileType = sourcecode.swift; path = ImagePickViewController.swift; sourceTree = "<group>"; };
		8A7FF65E23BDE96100399CAF /* UIImagePickerController+RxCreate.swift */ = {isa = PBXFileReference; lastKnownFileType = sourcecode.swift; path = "UIImagePickerController+RxCreate.swift"; sourceTree = "<group>"; };
		8A87F3F223A0E765005CDC14 /* RxSwiftTest.app */ = {isa = PBXFileReference; explicitFileType = wrapper.application; includeInIndex = 0; path = RxSwiftTest.app; sourceTree = BUILT_PRODUCTS_DIR; };
		8A87F3F523A0E765005CDC14 /* AppDelegate.swift */ = {isa = PBXFileReference; lastKnownFileType = sourcecode.swift; path = AppDelegate.swift; sourceTree = "<group>"; };
		8A87F3F723A0E765005CDC14 /* SceneDelegate.swift */ = {isa = PBXFileReference; lastKnownFileType = sourcecode.swift; path = SceneDelegate.swift; sourceTree = "<group>"; };
		8A87F3F923A0E765005CDC14 /* ViewController.swift */ = {isa = PBXFileReference; lastKnownFileType = sourcecode.swift; path = ViewController.swift; sourceTree = "<group>"; };
		8A87F3FC23A0E765005CDC14 /* Base */ = {isa = PBXFileReference; lastKnownFileType = file.storyboard; name = Base; path = Base.lproj/Main.storyboard; sourceTree = "<group>"; };
		8A87F3FE23A0E766005CDC14 /* Assets.xcassets */ = {isa = PBXFileReference; lastKnownFileType = folder.assetcatalog; path = Assets.xcassets; sourceTree = "<group>"; };
		8A87F40123A0E766005CDC14 /* Base */ = {isa = PBXFileReference; lastKnownFileType = file.storyboard; name = Base; path = Base.lproj/LaunchScreen.storyboard; sourceTree = "<group>"; };
		8A87F40323A0E766005CDC14 /* Info.plist */ = {isa = PBXFileReference; lastKnownFileType = text.plist.xml; path = Info.plist; sourceTree = "<group>"; };
		8A87F40823A0E766005CDC14 /* RxSwiftTestTests.xctest */ = {isa = PBXFileReference; explicitFileType = wrapper.cfbundle; includeInIndex = 0; path = RxSwiftTestTests.xctest; sourceTree = BUILT_PRODUCTS_DIR; };
		8A87F40C23A0E766005CDC14 /* RxSwiftTestTests.swift */ = {isa = PBXFileReference; lastKnownFileType = sourcecode.swift; path = RxSwiftTestTests.swift; sourceTree = "<group>"; };
		8A87F40E23A0E766005CDC14 /* Info.plist */ = {isa = PBXFileReference; lastKnownFileType = text.plist.xml; path = Info.plist; sourceTree = "<group>"; };
		8A87F41323A0E767005CDC14 /* RxSwiftTestUITests.xctest */ = {isa = PBXFileReference; explicitFileType = wrapper.cfbundle; includeInIndex = 0; path = RxSwiftTestUITests.xctest; sourceTree = BUILT_PRODUCTS_DIR; };
		8A87F41723A0E767005CDC14 /* RxSwiftTestUITests.swift */ = {isa = PBXFileReference; lastKnownFileType = sourcecode.swift; path = RxSwiftTestUITests.swift; sourceTree = "<group>"; };
		8A87F41923A0E767005CDC14 /* Info.plist */ = {isa = PBXFileReference; lastKnownFileType = text.plist.xml; path = Info.plist; sourceTree = "<group>"; };
		8A88CB2123C84EF900EC921B /* DataModel.swift */ = {isa = PBXFileReference; lastKnownFileType = sourcecode.swift; path = DataModel.swift; sourceTree = "<group>"; };
		F59A24309E1C1A0AB0601A2A /* Pods-RxSwiftTestTests.debug.xcconfig */ = {isa = PBXFileReference; includeInIndex = 1; lastKnownFileType = text.xcconfig; name = "Pods-RxSwiftTestTests.debug.xcconfig"; path = "Target Support Files/Pods-RxSwiftTestTests/Pods-RxSwiftTestTests.debug.xcconfig"; sourceTree = "<group>"; };
/* End PBXFileReference section */

/* Begin PBXFrameworksBuildPhase section */
		8A87F3EF23A0E765005CDC14 /* Frameworks */ = {
			isa = PBXFrameworksBuildPhase;
			buildActionMask = 2147483647;
			files = (
				BF051F6C2092A2519BB70210 /* Pods_RxSwiftTest.framework in Frameworks */,
			);
			runOnlyForDeploymentPostprocessing = 0;
		};
		8A87F40523A0E766005CDC14 /* Frameworks */ = {
			isa = PBXFrameworksBuildPhase;
			buildActionMask = 2147483647;
			files = (
				D8A02C7710888AAEB6640F3A /* Pods_RxSwiftTestTests.framework in Frameworks */,
			);
			runOnlyForDeploymentPostprocessing = 0;
		};
		8A87F41023A0E767005CDC14 /* Frameworks */ = {
			isa = PBXFrameworksBuildPhase;
			buildActionMask = 2147483647;
			files = (
			);
			runOnlyForDeploymentPostprocessing = 0;
		};
/* End PBXFrameworksBuildPhase section */

/* Begin PBXGroup section */
		7496683F4E729683B5E77E5C /* Frameworks */ = {
			isa = PBXGroup;
			children = (
				5591A25844DA6194331949B9 /* Pods_RxSwiftTest.framework */,
				455F7F3265B78A0B574C60B6 /* Pods_RxSwiftTestTests.framework */,
			);
			name = Frameworks;
			sourceTree = "<group>";
		};
		84CCBF8B30B9A47F72D4FDC8 /* Pods */ = {
			isa = PBXGroup;
			children = (
				7CC096A006F1268666152306 /* Pods-RxSwiftTest.debug.xcconfig */,
				61205C3ED3FF14C5A5846B72 /* Pods-RxSwiftTest.release.xcconfig */,
				F59A24309E1C1A0AB0601A2A /* Pods-RxSwiftTestTests.debug.xcconfig */,
				1E32FA616C9657098899358D /* Pods-RxSwiftTestTests.release.xcconfig */,
			);
			path = Pods;
			sourceTree = "<group>";
		};
		8A87F3E923A0E765005CDC14 = {
			isa = PBXGroup;
			children = (
				8A87F3F423A0E765005CDC14 /* RxSwiftTest */,
				8A87F40B23A0E766005CDC14 /* RxSwiftTestTests */,
				8A87F41623A0E767005CDC14 /* RxSwiftTestUITests */,
				8A87F3F323A0E765005CDC14 /* Products */,
				84CCBF8B30B9A47F72D4FDC8 /* Pods */,
				7496683F4E729683B5E77E5C /* Frameworks */,
			);
			sourceTree = "<group>";
		};
		8A87F3F323A0E765005CDC14 /* Products */ = {
			isa = PBXGroup;
			children = (
				8A87F3F223A0E765005CDC14 /* RxSwiftTest.app */,
				8A87F40823A0E766005CDC14 /* RxSwiftTestTests.xctest */,
				8A87F41323A0E767005CDC14 /* RxSwiftTestUITests.xctest */,
			);
			name = Products;
			sourceTree = "<group>";
		};
		8A87F3F423A0E765005CDC14 /* RxSwiftTest */ = {
			isa = PBXGroup;
			children = (
				8A87F3F523A0E765005CDC14 /* AppDelegate.swift */,
				8A87F3F723A0E765005CDC14 /* SceneDelegate.swift */,
				8A87F3F923A0E765005CDC14 /* ViewController.swift */,
				8A88CB2123C84EF900EC921B /* DataModel.swift */,
				8A7FF65C23BDD8F000399CAF /* ImagePickViewController.swift */,
				8A7FF65E23BDE96100399CAF /* UIImagePickerController+RxCreate.swift */,
				8A14FB2B23A867BB00E4DB3A /* Student.swift */,
				8A87F3FB23A0E765005CDC14 /* Main.storyboard */,
				8A87F3FE23A0E766005CDC14 /* Assets.xcassets */,
				8A87F40023A0E766005CDC14 /* LaunchScreen.storyboard */,
				8A87F40323A0E766005CDC14 /* Info.plist */,
			);
			path = RxSwiftTest;
			sourceTree = "<group>";
		};
		8A87F40B23A0E766005CDC14 /* RxSwiftTestTests */ = {
			isa = PBXGroup;
			children = (
				8A87F40C23A0E766005CDC14 /* RxSwiftTestTests.swift */,
				8A87F40E23A0E766005CDC14 /* Info.plist */,
			);
			path = RxSwiftTestTests;
			sourceTree = "<group>";
		};
		8A87F41623A0E767005CDC14 /* RxSwiftTestUITests */ = {
			isa = PBXGroup;
			children = (
				8A87F41723A0E767005CDC14 /* RxSwiftTestUITests.swift */,
				8A87F41923A0E767005CDC14 /* Info.plist */,
			);
			path = RxSwiftTestUITests;
			sourceTree = "<group>";
		};
/* End PBXGroup section */

/* Begin PBXNativeTarget section */
		8A87F3F123A0E765005CDC14 /* RxSwiftTest */ = {
			isa = PBXNativeTarget;
			buildConfigurationList = 8A87F41C23A0E767005CDC14 /* Build configuration list for PBXNativeTarget "RxSwiftTest" */;
			buildPhases = (
				31A2EAE9C2E1C7225DA69ED5 /* [CP] Check Pods Manifest.lock */,
				8A87F3EE23A0E765005CDC14 /* Sources */,
				8A87F3EF23A0E765005CDC14 /* Frameworks */,
				8A87F3F023A0E765005CDC14 /* Resources */,
				54169EF0BB121FF2C6FE1A6D /* [CP] Embed Pods Frameworks */,
			);
			buildRules = (
			);
			dependencies = (
			);
			name = RxSwiftTest;
			productName = RxSwiftTest;
			productReference = 8A87F3F223A0E765005CDC14 /* RxSwiftTest.app */;
			productType = "com.apple.product-type.application";
		};
		8A87F40723A0E766005CDC14 /* RxSwiftTestTests */ = {
			isa = PBXNativeTarget;
			buildConfigurationList = 8A87F41F23A0E767005CDC14 /* Build configuration list for PBXNativeTarget "RxSwiftTestTests" */;
			buildPhases = (
				90CDA04F53709D15D1433C1C /* [CP] Check Pods Manifest.lock */,
				8A87F40423A0E766005CDC14 /* Sources */,
				8A87F40523A0E766005CDC14 /* Frameworks */,
				8A87F40623A0E766005CDC14 /* Resources */,
			);
			buildRules = (
			);
			dependencies = (
				8A87F40A23A0E766005CDC14 /* PBXTargetDependency */,
			);
			name = RxSwiftTestTests;
			productName = RxSwiftTestTests;
			productReference = 8A87F40823A0E766005CDC14 /* RxSwiftTestTests.xctest */;
			productType = "com.apple.product-type.bundle.unit-test";
		};
		8A87F41223A0E767005CDC14 /* RxSwiftTestUITests */ = {
			isa = PBXNativeTarget;
			buildConfigurationList = 8A87F42223A0E767005CDC14 /* Build configuration list for PBXNativeTarget "RxSwiftTestUITests" */;
			buildPhases = (
				8A87F40F23A0E767005CDC14 /* Sources */,
				8A87F41023A0E767005CDC14 /* Frameworks */,
				8A87F41123A0E767005CDC14 /* Resources */,
			);
			buildRules = (
			);
			dependencies = (
				8A87F41523A0E767005CDC14 /* PBXTargetDependency */,
			);
			name = RxSwiftTestUITests;
			productName = RxSwiftTestUITests;
			productReference = 8A87F41323A0E767005CDC14 /* RxSwiftTestUITests.xctest */;
			productType = "com.apple.product-type.bundle.ui-testing";
		};
/* End PBXNativeTarget section */

/* Begin PBXProject section */
		8A87F3EA23A0E765005CDC14 /* Project object */ = {
			isa = PBXProject;
			attributes = {
				LastSwiftUpdateCheck = 1100;
				LastUpgradeCheck = 1100;
				ORGANIZATIONNAME = xuanze;
				TargetAttributes = {
					8A87F3F123A0E765005CDC14 = {
						CreatedOnToolsVersion = 11.0;
					};
					8A87F40723A0E766005CDC14 = {
						CreatedOnToolsVersion = 11.0;
						TestTargetID = 8A87F3F123A0E765005CDC14;
					};
					8A87F41223A0E767005CDC14 = {
						CreatedOnToolsVersion = 11.0;
						TestTargetID = 8A87F3F123A0E765005CDC14;
					};
				};
			};
			buildConfigurationList = 8A87F3ED23A0E765005CDC14 /* Build configuration list for PBXProject "RxSwiftTest" */;
			compatibilityVersion = "Xcode 9.3";
			developmentRegion = en;
			hasScannedForEncodings = 0;
			knownRegions = (
				en,
				Base,
			);
			mainGroup = 8A87F3E923A0E765005CDC14;
			productRefGroup = 8A87F3F323A0E765005CDC14 /* Products */;
			projectDirPath = "";
			projectRoot = "";
			targets = (
				8A87F3F123A0E765005CDC14 /* RxSwiftTest */,
				8A87F40723A0E766005CDC14 /* RxSwiftTestTests */,
				8A87F41223A0E767005CDC14 /* RxSwiftTestUITests */,
			);
		};
/* End PBXProject section */

/* Begin PBXResourcesBuildPhase section */
		8A87F3F023A0E765005CDC14 /* Resources */ = {
			isa = PBXResourcesBuildPhase;
			buildActionMask = 2147483647;
			files = (
				8A87F40223A0E766005CDC14 /* LaunchScreen.storyboard in Resources */,
				8A87F3FF23A0E766005CDC14 /* Assets.xcassets in Resources */,
				8A87F3FD23A0E765005CDC14 /* Main.storyboard in Resources */,
			);
			runOnlyForDeploymentPostprocessing = 0;
		};
		8A87F40623A0E766005CDC14 /* Resources */ = {
			isa = PBXResourcesBuildPhase;
			buildActionMask = 2147483647;
			files = (
			);
			runOnlyForDeploymentPostprocessing = 0;
		};
		8A87F41123A0E767005CDC14 /* Resources */ = {
			isa = PBXResourcesBuildPhase;
			buildActionMask = 2147483647;
			files = (
			);
			runOnlyForDeploymentPostprocessing = 0;
		};
/* End PBXResourcesBuildPhase section */

/* Begin PBXShellScriptBuildPhase section */
		31A2EAE9C2E1C7225DA69ED5 /* [CP] Check Pods Manifest.lock */ = {
			isa = PBXShellScriptBuildPhase;
			buildActionMask = 2147483647;
			files = (
			);
			inputFileListPaths = (
			);
			inputPaths = (
				"${PODS_PODFILE_DIR_PATH}/Podfile.lock",
				"${PODS_ROOT}/Manifest.lock",
			);
			name = "[CP] Check Pods Manifest.lock";
			outputFileListPaths = (
			);
			outputPaths = (
				"$(DERIVED_FILE_DIR)/Pods-RxSwiftTest-checkManifestLockResult.txt",
			);
			runOnlyForDeploymentPostprocessing = 0;
			shellPath = /bin/sh;
			shellScript = "diff \"${PODS_PODFILE_DIR_PATH}/Podfile.lock\" \"${PODS_ROOT}/Manifest.lock\" > /dev/null\nif [ $? != 0 ] ; then\n    # print error to STDERR\n    echo \"error: The sandbox is not in sync with the Podfile.lock. Run 'pod install' or update your CocoaPods installation.\" >&2\n    exit 1\nfi\n# This output is used by Xcode 'outputs' to avoid re-running this script phase.\necho \"SUCCESS\" > \"${SCRIPT_OUTPUT_FILE_0}\"\n";
			showEnvVarsInLog = 0;
		};
		54169EF0BB121FF2C6FE1A6D /* [CP] Embed Pods Frameworks */ = {
			isa = PBXShellScriptBuildPhase;
			buildActionMask = 2147483647;
			files = (
			);
			inputFileListPaths = (
				"${PODS_ROOT}/Target Support Files/Pods-RxSwiftTest/Pods-RxSwiftTest-frameworks-${CONFIGURATION}-input-files.xcfilelist",
			);
			name = "[CP] Embed Pods Frameworks";
			outputFileListPaths = (
				"${PODS_ROOT}/Target Support Files/Pods-RxSwiftTest/Pods-RxSwiftTest-frameworks-${CONFIGURATION}-output-files.xcfilelist",
			);
			runOnlyForDeploymentPostprocessing = 0;
			shellPath = /bin/sh;
			shellScript = "\"${PODS_ROOT}/Target Support Files/Pods-RxSwiftTest/Pods-RxSwiftTest-frameworks.sh\"\n";
			showEnvVarsInLog = 0;
		};
		90CDA04F53709D15D1433C1C /* [CP] Check Pods Manifest.lock */ = {
			isa = PBXShellScriptBuildPhase;
			buildActionMask = 2147483647;
			files = (
			);
			inputFileListPaths = (
			);
			inputPaths = (
				"${PODS_PODFILE_DIR_PATH}/Podfile.lock",
				"${PODS_ROOT}/Manifest.lock",
			);
			name = "[CP] Check Pods Manifest.lock";
			outputFileListPaths = (
			);
			outputPaths = (
				"$(DERIVED_FILE_DIR)/Pods-RxSwiftTestTests-checkManifestLockResult.txt",
			);
			runOnlyForDeploymentPostprocessing = 0;
			shellPath = /bin/sh;
			shellScript = "diff \"${PODS_PODFILE_DIR_PATH}/Podfile.lock\" \"${PODS_ROOT}/Manifest.lock\" > /dev/null\nif [ $? != 0 ] ; then\n    # print error to STDERR\n    echo \"error: The sandbox is not in sync with the Podfile.lock. Run 'pod install' or update your CocoaPods installation.\" >&2\n    exit 1\nfi\n# This output is used by Xcode 'outputs' to avoid re-running this script phase.\necho \"SUCCESS\" > \"${SCRIPT_OUTPUT_FILE_0}\"\n";
			showEnvVarsInLog = 0;
		};
/* End PBXShellScriptBuildPhase section */

/* Begin PBXSourcesBuildPhase section */
		8A87F3EE23A0E765005CDC14 /* Sources */ = {
			isa = PBXSourcesBuildPhase;
			buildActionMask = 2147483647;
			files = (
				8A88CB2223C84EF900EC921B /* DataModel.swift in Sources */,
				8A87F3FA23A0E765005CDC14 /* ViewController.swift in Sources */,
				8A87F3F623A0E765005CDC14 /* AppDelegate.swift in Sources */,
				8A7FF65D23BDD8F000399CAF /* ImagePickViewController.swift in Sources */,
				8A7FF65F23BDE96100399CAF /* UIImagePickerController+RxCreate.swift in Sources */,
				8A87F3F823A0E765005CDC14 /* SceneDelegate.swift in Sources */,
				8A14FB2C23A867BB00E4DB3A /* Student.swift in Sources */,
			);
			runOnlyForDeploymentPostprocessing = 0;
		};
		8A87F40423A0E766005CDC14 /* Sources */ = {
			isa = PBXSourcesBuildPhase;
			buildActionMask = 2147483647;
			files = (
				8A87F40D23A0E766005CDC14 /* RxSwiftTestTests.swift in Sources */,
			);
			runOnlyForDeploymentPostprocessing = 0;
		};
		8A87F40F23A0E767005CDC14 /* Sources */ = {
			isa = PBXSourcesBuildPhase;
			buildActionMask = 2147483647;
			files = (
				8A87F41823A0E767005CDC14 /* RxSwiftTestUITests.swift in Sources */,
			);
			runOnlyForDeploymentPostprocessing = 0;
		};
/* End PBXSourcesBuildPhase section */

/* Begin PBXTargetDependency section */
		8A87F40A23A0E766005CDC14 /* PBXTargetDependency */ = {
			isa = PBXTargetDependency;
			target = 8A87F3F123A0E765005CDC14 /* RxSwiftTest */;
			targetProxy = 8A87F40923A0E766005CDC14 /* PBXContainerItemProxy */;
		};
		8A87F41523A0E767005CDC14 /* PBXTargetDependency */ = {
			isa = PBXTargetDependency;
			target = 8A87F3F123A0E765005CDC14 /* RxSwiftTest */;
			targetProxy = 8A87F41423A0E767005CDC14 /* PBXContainerItemProxy */;
		};
/* End PBXTargetDependency section */

/* Begin PBXVariantGroup section */
		8A87F3FB23A0E765005CDC14 /* Main.storyboard */ = {
			isa = PBXVariantGroup;
			children = (
				8A87F3FC23A0E765005CDC14 /* Base */,
			);
			name = Main.storyboard;
			sourceTree = "<group>";
		};
		8A87F40023A0E766005CDC14 /* LaunchScreen.storyboard */ = {
			isa = PBXVariantGroup;
			children = (
				8A87F40123A0E766005CDC14 /* Base */,
			);
			name = LaunchScreen.storyboard;
			sourceTree = "<group>";
		};
/* End PBXVariantGroup section */

/* Begin XCBuildConfiguration section */
		8A87F41A23A0E767005CDC14 /* Debug */ = {
			isa = XCBuildConfiguration;
			buildSettings = {
				ALWAYS_SEARCH_USER_PATHS = NO;
				CLANG_ANALYZER_NONNULL = YES;
				CLANG_ANALYZER_NUMBER_OBJECT_CONVERSION = YES_AGGRESSIVE;
				CLANG_CXX_LANGUAGE_STANDARD = "gnu++14";
				CLANG_CXX_LIBRARY = "libc++";
				CLANG_ENABLE_MODULES = YES;
				CLANG_ENABLE_OBJC_ARC = YES;
				CLANG_ENABLE_OBJC_WEAK = YES;
				CLANG_WARN_BLOCK_CAPTURE_AUTORELEASING = YES;
				CLANG_WARN_BOOL_CONVERSION = YES;
				CLANG_WARN_COMMA = YES;
				CLANG_WARN_CONSTANT_CONVERSION = YES;
				CLANG_WARN_DEPRECATED_OBJC_IMPLEMENTATIONS = YES;
				CLANG_WARN_DIRECT_OBJC_ISA_USAGE = YES_ERROR;
				CLANG_WARN_DOCUMENTATION_COMMENTS = YES;
				CLANG_WARN_EMPTY_BODY = YES;
				CLANG_WARN_ENUM_CONVERSION = YES;
				CLANG_WARN_INFINITE_RECURSION = YES;
				CLANG_WARN_INT_CONVERSION = YES;
				CLANG_WARN_NON_LITERAL_NULL_CONVERSION = YES;
				CLANG_WARN_OBJC_IMPLICIT_RETAIN_SELF = YES;
				CLANG_WARN_OBJC_LITERAL_CONVERSION = YES;
				CLANG_WARN_OBJC_ROOT_CLASS = YES_ERROR;
				CLANG_WARN_RANGE_LOOP_ANALYSIS = YES;
				CLANG_WARN_STRICT_PROTOTYPES = YES;
				CLANG_WARN_SUSPICIOUS_MOVE = YES;
				CLANG_WARN_UNGUARDED_AVAILABILITY = YES_AGGRESSIVE;
				CLANG_WARN_UNREACHABLE_CODE = YES;
				CLANG_WARN__DUPLICATE_METHOD_MATCH = YES;
				COPY_PHASE_STRIP = NO;
				DEBUG_INFORMATION_FORMAT = dwarf;
				ENABLE_STRICT_OBJC_MSGSEND = YES;
				ENABLE_TESTABILITY = YES;
				GCC_C_LANGUAGE_STANDARD = gnu11;
				GCC_DYNAMIC_NO_PIC = NO;
				GCC_NO_COMMON_BLOCKS = YES;
				GCC_OPTIMIZATION_LEVEL = 0;
				GCC_PREPROCESSOR_DEFINITIONS = (
					"DEBUG=1",
					"$(inherited)",
				);
				GCC_WARN_64_TO_32_BIT_CONVERSION = YES;
				GCC_WARN_ABOUT_RETURN_TYPE = YES_ERROR;
				GCC_WARN_UNDECLARED_SELECTOR = YES;
				GCC_WARN_UNINITIALIZED_AUTOS = YES_AGGRESSIVE;
				GCC_WARN_UNUSED_FUNCTION = YES;
				GCC_WARN_UNUSED_VARIABLE = YES;
				IPHONEOS_DEPLOYMENT_TARGET = 13.0;
				MTL_ENABLE_DEBUG_INFO = INCLUDE_SOURCE;
				MTL_FAST_MATH = YES;
				ONLY_ACTIVE_ARCH = YES;
				SDKROOT = iphoneos;
				SWIFT_ACTIVE_COMPILATION_CONDITIONS = DEBUG;
				SWIFT_OPTIMIZATION_LEVEL = "-Onone";
			};
			name = Debug;
		};
		8A87F41B23A0E767005CDC14 /* Release */ = {
			isa = XCBuildConfiguration;
			buildSettings = {
				ALWAYS_SEARCH_USER_PATHS = NO;
				CLANG_ANALYZER_NONNULL = YES;
				CLANG_ANALYZER_NUMBER_OBJECT_CONVERSION = YES_AGGRESSIVE;
				CLANG_CXX_LANGUAGE_STANDARD = "gnu++14";
				CLANG_CXX_LIBRARY = "libc++";
				CLANG_ENABLE_MODULES = YES;
				CLANG_ENABLE_OBJC_ARC = YES;
				CLANG_ENABLE_OBJC_WEAK = YES;
				CLANG_WARN_BLOCK_CAPTURE_AUTORELEASING = YES;
				CLANG_WARN_BOOL_CONVERSION = YES;
				CLANG_WARN_COMMA = YES;
				CLANG_WARN_CONSTANT_CONVERSION = YES;
				CLANG_WARN_DEPRECATED_OBJC_IMPLEMENTATIONS = YES;
				CLANG_WARN_DIRECT_OBJC_ISA_USAGE = YES_ERROR;
				CLANG_WARN_DOCUMENTATION_COMMENTS = YES;
				CLANG_WARN_EMPTY_BODY = YES;
				CLANG_WARN_ENUM_CONVERSION = YES;
				CLANG_WARN_INFINITE_RECURSION = YES;
				CLANG_WARN_INT_CONVERSION = YES;
				CLANG_WARN_NON_LITERAL_NULL_CONVERSION = YES;
				CLANG_WARN_OBJC_IMPLICIT_RETAIN_SELF = YES;
				CLANG_WARN_OBJC_LITERAL_CONVERSION = YES;
				CLANG_WARN_OBJC_ROOT_CLASS = YES_ERROR;
				CLANG_WARN_RANGE_LOOP_ANALYSIS = YES;
				CLANG_WARN_STRICT_PROTOTYPES = YES;
				CLANG_WARN_SUSPICIOUS_MOVE = YES;
				CLANG_WARN_UNGUARDED_AVAILABILITY = YES_AGGRESSIVE;
				CLANG_WARN_UNREACHABLE_CODE = YES;
				CLANG_WARN__DUPLICATE_METHOD_MATCH = YES;
				COPY_PHASE_STRIP = NO;
				DEBUG_INFORMATION_FORMAT = "dwarf-with-dsym";
				ENABLE_NS_ASSERTIONS = NO;
				ENABLE_STRICT_OBJC_MSGSEND = YES;
				GCC_C_LANGUAGE_STANDARD = gnu11;
				GCC_NO_COMMON_BLOCKS = YES;
				GCC_WARN_64_TO_32_BIT_CONVERSION = YES;
				GCC_WARN_ABOUT_RETURN_TYPE = YES_ERROR;
				GCC_WARN_UNDECLARED_SELECTOR = YES;
				GCC_WARN_UNINITIALIZED_AUTOS = YES_AGGRESSIVE;
				GCC_WARN_UNUSED_FUNCTION = YES;
				GCC_WARN_UNUSED_VARIABLE = YES;
				IPHONEOS_DEPLOYMENT_TARGET = 13.0;
				MTL_ENABLE_DEBUG_INFO = NO;
				MTL_FAST_MATH = YES;
				SDKROOT = iphoneos;
				SWIFT_COMPILATION_MODE = wholemodule;
				SWIFT_OPTIMIZATION_LEVEL = "-O";
				VALIDATE_PRODUCT = YES;
			};
			name = Release;
		};
		8A87F41D23A0E767005CDC14 /* Debug */ = {
			isa = XCBuildConfiguration;
			baseConfigurationReference = 7CC096A006F1268666152306 /* Pods-RxSwiftTest.debug.xcconfig */;
			buildSettings = {
				ASSETCATALOG_COMPILER_APPICON_NAME = AppIcon;
				CODE_SIGN_STYLE = Automatic;
				INFOPLIST_FILE = RxSwiftTest/Info.plist;
				LD_RUNPATH_SEARCH_PATHS = (
					"$(inherited)",
					"@executable_path/Frameworks",
				);
				PRODUCT_BUNDLE_IDENTIFIER = xuanze.RxSwiftTest;
				PRODUCT_NAME = "$(TARGET_NAME)";
				SWIFT_VERSION = 5.0;
				TARGETED_DEVICE_FAMILY = "1,2";
			};
			name = Debug;
		};
		8A87F41E23A0E767005CDC14 /* Release */ = {
			isa = XCBuildConfiguration;
			baseConfigurationReference = 61205C3ED3FF14C5A5846B72 /* Pods-RxSwiftTest.release.xcconfig */;
			buildSettings = {
				ASSETCATALOG_COMPILER_APPICON_NAME = AppIcon;
				CODE_SIGN_STYLE = Automatic;
				INFOPLIST_FILE = RxSwiftTest/Info.plist;
				LD_RUNPATH_SEARCH_PATHS = (
					"$(inherited)",
					"@executable_path/Frameworks",
				);
				PRODUCT_BUNDLE_IDENTIFIER = xuanze.RxSwiftTest;
				PRODUCT_NAME = "$(TARGET_NAME)";
				SWIFT_VERSION = 5.0;
				TARGETED_DEVICE_FAMILY = "1,2";
			};
			name = Release;
		};
		8A87F42023A0E767005CDC14 /* Debug */ = {
			isa = XCBuildConfiguration;
			baseConfigurationReference = F59A24309E1C1A0AB0601A2A /* Pods-RxSwiftTestTests.debug.xcconfig */;
			buildSettings = {
				ALWAYS_EMBED_SWIFT_STANDARD_LIBRARIES = YES;
				BUNDLE_LOADER = "$(TEST_HOST)";
				CODE_SIGN_STYLE = Automatic;
				INFOPLIST_FILE = RxSwiftTestTests/Info.plist;
				IPHONEOS_DEPLOYMENT_TARGET = 13.0;
				LD_RUNPATH_SEARCH_PATHS = (
					"$(inherited)",
					"@executable_path/Frameworks",
					"@loader_path/Frameworks",
				);
				PRODUCT_BUNDLE_IDENTIFIER = xuanze.RxSwiftTestTests;
				PRODUCT_NAME = "$(TARGET_NAME)";
				SWIFT_VERSION = 5.0;
				TARGETED_DEVICE_FAMILY = "1,2";
				TEST_HOST = "$(BUILT_PRODUCTS_DIR)/RxSwiftTest.app/RxSwiftTest";
			};
			name = Debug;
		};
		8A87F42123A0E767005CDC14 /* Release */ = {
			isa = XCBuildConfiguration;
			baseConfigurationReference = 1E32FA616C9657098899358D /* Pods-RxSwiftTestTests.release.xcconfig */;
			buildSettings = {
				ALWAYS_EMBED_SWIFT_STANDARD_LIBRARIES = YES;
				BUNDLE_LOADER = "$(TEST_HOST)";
				CODE_SIGN_STYLE = Automatic;
				INFOPLIST_FILE = RxSwiftTestTests/Info.plist;
				IPHONEOS_DEPLOYMENT_TARGET = 13.0;
				LD_RUNPATH_SEARCH_PATHS = (
					"$(inherited)",
					"@executable_path/Frameworks",
					"@loader_path/Frameworks",
				);
				PRODUCT_BUNDLE_IDENTIFIER = xuanze.RxSwiftTestTests;
				PRODUCT_NAME = "$(TARGET_NAME)";
				SWIFT_VERSION = 5.0;
				TARGETED_DEVICE_FAMILY = "1,2";
				TEST_HOST = "$(BUILT_PRODUCTS_DIR)/RxSwiftTest.app/RxSwiftTest";
			};
			name = Release;
		};
		8A87F42323A0E767005CDC14 /* Debug */ = {
			isa = XCBuildConfiguration;
			buildSettings = {
				ALWAYS_EMBED_SWIFT_STANDARD_LIBRARIES = YES;
				CODE_SIGN_STYLE = Automatic;
				INFOPLIST_FILE = RxSwiftTestUITests/Info.plist;
				LD_RUNPATH_SEARCH_PATHS = (
					"$(inherited)",
					"@executable_path/Frameworks",
					"@loader_path/Frameworks",
				);
				PRODUCT_BUNDLE_IDENTIFIER = xuanze.RxSwiftTestUITests;
				PRODUCT_NAME = "$(TARGET_NAME)";
				SWIFT_VERSION = 5.0;
				TARGETED_DEVICE_FAMILY = "1,2";
				TEST_TARGET_NAME = RxSwiftTest;
			};
			name = Debug;
		};
		8A87F42423A0E767005CDC14 /* Release */ = {
			isa = XCBuildConfiguration;
			buildSettings = {
				ALWAYS_EMBED_SWIFT_STANDARD_LIBRARIES = YES;
				CODE_SIGN_STYLE = Automatic;
				INFOPLIST_FILE = RxSwiftTestUITests/Info.plist;
				LD_RUNPATH_SEARCH_PATHS = (
					"$(inherited)",
					"@executable_path/Frameworks",
					"@loader_path/Frameworks",
				);
				PRODUCT_BUNDLE_IDENTIFIER = xuanze.RxSwiftTestUITests;
				PRODUCT_NAME = "$(TARGET_NAME)";
				SWIFT_VERSION = 5.0;
				TARGETED_DEVICE_FAMILY = "1,2";
				TEST_TARGET_NAME = RxSwiftTest;
			};
			name = Release;
		};
/* End XCBuildConfiguration section */

/* Begin XCConfigurationList section */
		8A87F3ED23A0E765005CDC14 /* Build configuration list for PBXProject "RxSwiftTest" */ = {
			isa = XCConfigurationList;
			buildConfigurations = (
				8A87F41A23A0E767005CDC14 /* Debug */,
				8A87F41B23A0E767005CDC14 /* Release */,
			);
			defaultConfigurationIsVisible = 0;
			defaultConfigurationName = Release;
		};
		8A87F41C23A0E767005CDC14 /* Build configuration list for PBXNativeTarget "RxSwiftTest" */ = {
			isa = XCConfigurationList;
			buildConfigurations = (
				8A87F41D23A0E767005CDC14 /* Debug */,
				8A87F41E23A0E767005CDC14 /* Release */,
			);
			defaultConfigurationIsVisible = 0;
			defaultConfigurationName = Release;
		};
		8A87F41F23A0E767005CDC14 /* Build configuration list for PBXNativeTarget "RxSwiftTestTests" */ = {
			isa = XCConfigurationList;
			buildConfigurations = (
				8A87F42023A0E767005CDC14 /* Debug */,
				8A87F42123A0E767005CDC14 /* Release */,
			);
			defaultConfigurationIsVisible = 0;
			defaultConfigurationName = Release;
		};
		8A87F42223A0E767005CDC14 /* Build configuration list for PBXNativeTarget "RxSwiftTestUITests" */ = {
			isa = XCConfigurationList;
			buildConfigurations = (
				8A87F42323A0E767005CDC14 /* Debug */,
				8A87F42423A0E767005CDC14 /* Release */,
			);
			defaultConfigurationIsVisible = 0;
			defaultConfigurationName = Release;
		};
/* End XCConfigurationList section */
	};
	rootObject = 8A87F3EA23A0E765005CDC14 /* Project object */;
}
